
Microsoft Visual Studio Solution File, Format Version 12.00
# Visual Studio Version 17
VisualStudioVersion = 17.7.34003.232
MinimumVisualStudioVersion = 10.0.40219.1
Project("{FAE04EC0-301F-11D3-BF4B-00C04F79EFBC}") = "AirTicketBookingSystem.BLL", "AirTicketBookingSystem.BLL\AirTicketBookingSystem.BLL.csproj", "{6620FB89-7E77-46B5-9231-570D0634A4E3}"
EndProject
Project("{FAE04EC0-301F-11D3-BF4B-00C04F79EFBC}") = "AirTicketBookingSystem.DAL", "AirTicketBookingSystem.DAL\AirTicketBookingSystem.DAL.csproj", "{042FEC72-09E0-4733-8E4F-248E7E4D41F8}"
EndProject
Project("{FAE04EC0-301F-11D3-BF4B-00C04F79EFBC}") = "AirTicketBookingSystem.GUI", "AirTicketBookingSystem.GUI\AirTicketBookingSystem.GUI.csproj", "{388A4067-0DC2-441F-8962-B934546F90E8}"
EndProject
Global
	GlobalSection(SolutionConfigurationPlatforms) = preSolution
		Debug|Any CPU = Debug|Any CPU
		Release|Any CPU = Release|Any CPU
	EndGlobalSection
	GlobalSection(ProjectConfigurationPlatforms) = postSolution
		{6620FB89-7E77-46B5-9231-570D0634A4E3}.Debug|Any CPU.ActiveCfg = Debug|Any CPU
		{6620FB89-7E77-46B5-9231-570D0634A4E3}.Debug|Any CPU.Build.0 = Debug|Any CPU
		{6620FB89-7E77-46B5-9231-570D0634A4E3}.Release|Any CPU.ActiveCfg = Release|Any CPU
		{6620FB89-7E77-46B5-9231-570D0634A4E3}.Release|Any CPU.Build.0 = Release|Any CPU
		{042FEC72-09E0-4733-8E4F-248E7E4D41F8}.Debug|Any CPU.ActiveCfg = Debug|Any CPU
		{042FEC72-09E0-4733-8E4F-248E7E4D41F8}.Debug|Any CPU.Build.0 = Debug|Any CPU
		{042FEC72-09E0-4733-8E4F-248E7E4D41F8}.Release|Any CPU.ActiveCfg = Release|Any CPU
		{042FEC72-09E0-4733-8E4F-248E7E4D41F8}.Release|Any CPU.Build.0 = Release|Any CPU
		{388A4067-0DC2-441F-8962-B934546F90E8}.Debug|Any CPU.ActiveCfg = Debug|Any CPU
		{388A4067-0DC2-441F-8962-B934546F90E8}.Debug|Any CPU.Build.0 = Debug|Any CPU
		{388A4067-0DC2-441F-8962-B934546F90E8}.Release|Any CPU.ActiveCfg = Release|Any CPU
		{388A4067-0DC2-441F-8962-B934546F90E8}.Release|Any CPU.Build.0 = Release|Any CPU
	EndGlobalSection
	GlobalSection(SolutionProperties) = preSolution
		HideSolutionNode = FALSE
	EndGlobalSection
	GlobalSection(ExtensibilityGlobals) = postSolution
		SolutionGuid = {9E9C1ADA-5AEA-4E68-B6AD-26EF38477233}
	EndGlobalSection
EndGlobal
